<?xml version="1.0" encoding="utf-8"?>
<Project ToolsVersion="4.0" xmlns="http://schemas.microsoft.com/developer/msbuild/2003">
  <ItemGroup>
    <Filter Include="Base">
      <UniqueIdentifier>{8ba6225c-4d2a-489a-8825-a60bbb050a5c}</UniqueIdentifier>
    </Filter>
    <Filter Include="Interfaces">
      <UniqueIdentifier>{1bf4ec95-4742-4edb-9404-728cdb159a07}</UniqueIdentifier>
    </Filter>
    <Filter Include="rUdp">
      <UniqueIdentifier>{301d09d4-1a7e-4a25-8188-16ef1110d0aa}</UniqueIdentifier>
    </Filter>
    <Filter Include="Udp">
      <UniqueIdentifier>{b668eb3b-1d4e-422c-89da-bb6ce861748d}</UniqueIdentifier>
    </Filter>
    <Filter Include="Tcp">
      <UniqueIdentifier>{5198a29a-e04d-4356-a320-f85def078e8a}</UniqueIdentifier>
    </Filter>
    <Filter Include="Sockets">
      <UniqueIdentifier>{b5e8f179-a633-4ea0-8a2c-05c269986dd3}</UniqueIdentifier>
    </Filter>
  </ItemGroup>
  <ItemGroup>
    <ClInclude Include="SpinLock.hpp">
      <Filter>Base</Filter>
    </ClInclude>
    <ClInclude Include="Enums.hpp">
      <Filter>Interfaces</Filter>
    </ClInclude>
    <ClInclude Include="Init.hpp">
      <Filter>Interfaces</Filter>
    </ClInclude>
    <ClInclude Include="ISocket.hpp">
      <Filter>Interfaces</Filter>
    </ClInclude>
    <ClInclude Include="Net.hpp">
      <Filter>Interfaces</Filter>
    </ClInclude>
    <ClInclude Include="TcpClient.hpp">
      <Filter>Tcp</Filter>
    </ClInclude>
    <ClInclude Include="TcpListener.hpp">
      <Filter>Tcp</Filter>
    </ClInclude>
    <ClInclude Include="TcpSocketBuilder.hpp">
      <Filter>Tcp</Filter>
    </ClInclude>
    <ClInclude Include="UdpSocket.hpp">
      <Filter>Udp</Filter>
    </ClInclude>
    <ClInclude Include="Socket.hpp">
      <Filter>Sockets</Filter>
    </ClInclude>
    <ClInclude Include="IPAddress.hpp">
      <Filter>Sockets</Filter>
    </ClInclude>
    <ClInclude Include="Util.hpp">
      <Filter>Base</Filter>
    </ClInclude>
  </ItemGroup>
  <ItemGroup>
    <ClCompile Include="Socket.cpp">
      <Filter>Sockets</Filter>
    </ClCompile>
    <ClCompile Include="IPAddress.cpp">
      <Filter>Sockets</Filter>
    </ClCompile>
    <ClCompile Include="TcpListener.cpp">
      <Filter>Tcp</Filter>
    </ClCompile>
  </ItemGroup>
</Project>