<?xml version="1.0" encoding="utf-8"?>
<Project ToolsVersion="4.0" xmlns="http://schemas.microsoft.com/developer/msbuild/2003">
  <ItemGroup>
    <Filter Include="Interfaces">
      <UniqueIdentifier>{93995380-89BD-4b04-88EB-625FBE52EBFB}</UniqueIdentifier>
      <Extensions>h;hh;hpp;hxx;hm;inl;inc;xsd</Extensions>
    </Filter>
    <Filter Include="Resources">
      <UniqueIdentifier>{4FC737F1-C7A5-4376-A066-2A32D752A2FF}</UniqueIdentifier>
      <Extensions>cpp;c;cc;cxx;def;odl;idl;hpj;bat;asm;asmx</Extensions>
    </Filter>
    <Filter Include="Scene">
      <UniqueIdentifier>{83bdcfe3-d6f4-4fd2-95a0-74e9c68cb2e7}</UniqueIdentifier>
    </Filter>
    <Filter Include="Pipeline">
      <UniqueIdentifier>{13ebcb7a-64e7-4b59-a32d-4593d1c785b9}</UniqueIdentifier>
    </Filter>
    <Filter Include="MemoryManagement">
      <UniqueIdentifier>{2fc7a18c-775b-463f-a7b4-2af4d1226d50}</UniqueIdentifier>
    </Filter>
    <Filter Include="Middleware">
      <UniqueIdentifier>{ddb0ffd9-91c5-4cda-9bb1-ddf7349b9967}</UniqueIdentifier>
    </Filter>
    <Filter Include="Nodes">
      <UniqueIdentifier>{278a4320-a644-4688-bad7-0b4475a43003}</UniqueIdentifier>
    </Filter>
    <Filter Include="MemoryManagement\Descriptors">
      <UniqueIdentifier>{4a221379-da82-4348-85fc-f3c634d6d1cb}</UniqueIdentifier>
    </Filter>
    <Filter Include="MemoryManagement\Heaps">
      <UniqueIdentifier>{0bc0f2ea-8951-4f9b-aa22-14e074397237}</UniqueIdentifier>
    </Filter>
    <Filter Include="MemoryManagement\ObjectManagement">
      <UniqueIdentifier>{cd72d15e-05c9-4d33-a977-8cb4d1092c69}</UniqueIdentifier>
    </Filter>
    <Filter Include="Nodes\DeferredPipeline">
      <UniqueIdentifier>{2ef57f3c-8e5d-4b28-ba57-a435d1be5c25}</UniqueIdentifier>
    </Filter>
    <Filter Include="Nodes\ForwardPipeline">
      <UniqueIdentifier>{37a2d765-13fa-497f-9c3f-aeb98d5b2e44}</UniqueIdentifier>
    </Filter>
    <Filter Include="Nodes\Shaders">
      <UniqueIdentifier>{d804e9f8-c90b-43e0-a9e7-e5ce3e4e0717}</UniqueIdentifier>
    </Filter>
    <Filter Include="Materials">
      <UniqueIdentifier>{98cd6cfb-25da-4059-bd57-422f8cb974b9}</UniqueIdentifier>
    </Filter>
  </ItemGroup>
  <ItemGroup>
    <Text Include="ReadMe.txt" />
  </ItemGroup>
  <ItemGroup>
    <ClInclude Include="..\GraphicsEngine\IGraphicsEngine.hpp">
      <Filter>Interfaces</Filter>
    </ClInclude>
    <ClInclude Include="GraphicsEngine.hpp" />
    <ClInclude Include="Material.hpp">
      <Filter>Resources</Filter>
    </ClInclude>
    <ClInclude Include="Texture2D.hpp">
      <Filter>Resources</Filter>
    </ClInclude>
    <ClInclude Include="Scene.hpp">
      <Filter>Scene</Filter>
    </ClInclude>
    <ClInclude Include="MeshEntity.hpp">
      <Filter>Scene</Filter>
    </ClInclude>
    <ClInclude Include="GraphicsNode.hpp">
      <Filter>Pipeline</Filter>
    </ClInclude>
    <ClInclude Include="GraphicsNodeFactory.hpp">
      <Filter>Pipeline</Filter>
    </ClInclude>
    <ClInclude Include="MemoryManager.hpp">
      <Filter>MemoryManagement</Filter>
    </ClInclude>
    <ClInclude Include="..\GraphicsEngine\ITexture2D.hpp">
      <Filter>Interfaces</Filter>
    </ClInclude>
    <ClInclude Include="..\GraphicsEngine\IMaterial.hpp">
      <Filter>Interfaces</Filter>
    </ClInclude>
    <ClInclude Include="..\GraphicsEngine\IMesh.hpp">
      <Filter>Interfaces</Filter>
    </ClInclude>
    <ClInclude Include="..\GraphicsEngine\IScene.hpp">
      <Filter>Interfaces</Filter>
    </ClInclude>
    <ClInclude Include="..\GraphicsEngine\IMeshEntity.hpp">
      <Filter>Interfaces</Filter>
    </ClInclude>
    <ClInclude Include="..\GraphicsEngine\ITerrainEntity.hpp">
      <Filter>Interfaces</Filter>
    </ClInclude>
    <ClInclude Include="..\GraphicsEngine\ILight.hpp">
      <Filter>Interfaces</Filter>
    </ClInclude>
    <ClInclude Include="..\GraphicsEngine\Definitions.hpp">
      <Filter>Interfaces</Filter>
    </ClInclude>
    <ClInclude Include="..\GraphicsEngine\ICamera.hpp">
      <Filter>Interfaces</Filter>
    </ClInclude>
    <ClInclude Include="Pipeline.hpp">
      <Filter>Pipeline</Filter>
    </ClInclude>
    <ClInclude Include="Scheduler.hpp">
      <Filter>Pipeline</Filter>
    </ClInclude>
    <ClInclude Include="Task.hpp">
      <Filter>Pipeline</Filter>
    </ClInclude>
    <ClInclude Include="Binder.hpp">
      <Filter>Middleware</Filter>
    </ClInclude>
    <ClInclude Include="GraphicsCommandList.hpp">
      <Filter>Middleware</Filter>
    </ClInclude>
    <ClInclude Include="ComputeCommandList.hpp">
      <Filter>Middleware</Filter>
    </ClInclude>
    <ClInclude Include="BasicCommandList.hpp">
      <Filter>Middleware</Filter>
    </ClInclude>
    <ClInclude Include="CommandAllocatorPool.hpp">
      <Filter>Middleware</Filter>
    </ClInclude>
    <ClInclude Include="CopyCommandList.hpp">
      <Filter>Middleware</Filter>
    </ClInclude>
    <ClInclude Include="ExecutionContext.hpp">
      <Filter>Pipeline</Filter>
    </ClInclude>
    <ClInclude Include="ExecutionResult.hpp">
      <Filter>Pipeline</Filter>
    </ClInclude>
    <ClInclude Include="FrameContext.hpp">
      <Filter>Pipeline</Filter>
    </ClInclude>
    <ClInclude Include="CommandQueue.hpp">
      <Filter>Pipeline</Filter>
    </ClInclude>
    <ClInclude Include="Vertex.hpp">
      <Filter>Resources</Filter>
    </ClInclude>
    <ClInclude Include="ScratchSpacePool.hpp">
      <Filter>Middleware</Filter>
    </ClInclude>
    <ClInclude Include="VertexElementCompressor.hpp">
      <Filter>Resources</Filter>
    </ClInclude>
    <ClInclude Include="EntityCollection.hpp">
      <Filter>Scene</Filter>
    </ClInclude>
    <ClInclude Include="Nodes\Node_GetBackBuffer.hpp">
      <Filter>Nodes</Filter>
    </ClInclude>
    <ClInclude Include="Nodes\Node_FrameColor.hpp">
      <Filter>Nodes</Filter>
    </ClInclude>
    <ClInclude Include="Nodes\Node_FrameCounter.hpp">
      <Filter>Nodes</Filter>
    </ClInclude>
    <ClInclude Include="Nodes\Node_GetSceneByName.hpp">
      <Filter>Nodes</Filter>
    </ClInclude>
    <ClInclude Include="SyncPoint.hpp">
      <Filter>Pipeline</Filter>
    </ClInclude>
    <ClInclude Include="ResourceResidencyQueue.hpp">
      <Filter>Pipeline</Filter>
    </ClInclude>
    <ClInclude Include="MeshBuffer.hpp">
      <Filter>Resources</Filter>
    </ClInclude>
    <ClInclude Include="Mesh.hpp">
      <Filter>Resources</Filter>
    </ClInclude>
    <ClInclude Include="PipelineEventDispatcher.hpp">
      <Filter>Pipeline</Filter>
    </ClInclude>
    <ClInclude Include="PipelineEventListener.hpp">
      <Filter>Pipeline</Filter>
    </ClInclude>
    <ClInclude Include="Nodes\Node_GetTime.hpp">
      <Filter>Nodes</Filter>
    </ClInclude>
    <ClInclude Include="Image.hpp">
      <Filter>Resources</Filter>
    </ClInclude>
    <ClInclude Include="HostDescHeap.hpp">
      <Filter>MemoryManagement\Descriptors</Filter>
    </ClInclude>
    <ClInclude Include="StackDescHeap.hpp">
      <Filter>MemoryManagement\Descriptors</Filter>
    </ClInclude>
    <ClInclude Include="ResourceView.hpp">
      <Filter>MemoryManagement\Descriptors</Filter>
    </ClInclude>
    <ClInclude Include="UploadManager.hpp">
      <Filter>MemoryManagement\ObjectManagement</Filter>
    </ClInclude>
    <ClInclude Include="ConstBufferHeap.hpp">
      <Filter>MemoryManagement\Heaps</Filter>
    </ClInclude>
    <ClInclude Include="BackBufferManager.hpp">
      <Filter>MemoryManagement\ObjectManagement</Filter>
    </ClInclude>
    <ClInclude Include="MemoryObject.hpp">
      <Filter>MemoryManagement\ObjectManagement</Filter>
    </ClInclude>
    <ClInclude Include="CriticalBufferHeap.hpp">
      <Filter>MemoryManagement\Heaps</Filter>
    </ClInclude>
    <ClInclude Include="Pixel.hpp">
      <Filter>Resources</Filter>
    </ClInclude>
    <ClInclude Include="Camera.hpp">
      <Filter>Scene</Filter>
    </ClInclude>
    <ClInclude Include="Nodes\Node_GetCameraByName.hpp">
      <Filter>Nodes</Filter>
    </ClInclude>
    <ClInclude Include="GraphicsContext.hpp">
      <Filter>Pipeline</Filter>
    </ClInclude>
    <ClInclude Include="ShaderManager.hpp">
      <Filter>Pipeline</Filter>
    </ClInclude>
    <ClInclude Include="DirectionalLight.hpp">
      <Filter>Scene</Filter>
    </ClInclude>
    <ClInclude Include="Nodes\Node_DrawSky.hpp">
      <Filter>Nodes\DeferredPipeline</Filter>
    </ClInclude>
    <ClInclude Include="PipelineTypes.hpp">
      <Filter>Pipeline</Filter>
    </ClInclude>
    <ClInclude Include="VolatileViewHeap.hpp">
      <Filter>Middleware</Filter>
    </ClInclude>
    <ClInclude Include="RootTableManager.hpp">
      <Filter>Middleware</Filter>
    </ClInclude>
    <ClInclude Include="BindingManager.hpp">
      <Filter>Middleware</Filter>
    </ClInclude>
    <ClInclude Include="Nodes\Node_ForwardRender.hpp">
      <Filter>Nodes\ForwardPipeline</Filter>
    </ClInclude>
    <ClInclude Include="Nodes\Node_GenCSM.hpp">
      <Filter>Nodes</Filter>
    </ClInclude>
    <ClInclude Include="Nodes\Node_DepthPrepass.hpp">
      <Filter>Nodes\ForwardPipeline</Filter>
    </ClInclude>
    <ClInclude Include="Nodes\Node_RenderToBackBuffer.hpp">
      <Filter>Nodes</Filter>
    </ClInclude>
    <ClInclude Include="Nodes\Node_DepthReduction.hpp">
      <Filter>Nodes\ForwardPipeline</Filter>
    </ClInclude>
  </ItemGroup>
  <ItemGroup>
    <ClCompile Include="GraphicsEngine.cpp" />
    <ClCompile Include="Texture2D.cpp">
      <Filter>Resources</Filter>
    </ClCompile>
    <ClCompile Include="Material.cpp">
      <Filter>Resources</Filter>
    </ClCompile>
    <ClCompile Include="Scene.cpp">
      <Filter>Scene</Filter>
    </ClCompile>
    <ClCompile Include="MeshEntity.cpp">
      <Filter>Scene</Filter>
    </ClCompile>
    <ClCompile Include="MemoryManager.cpp">
      <Filter>MemoryManagement</Filter>
    </ClCompile>
    <ClCompile Include="Pipeline.cpp">
      <Filter>Pipeline</Filter>
    </ClCompile>
    <ClCompile Include="Scheduler.cpp">
      <Filter>Pipeline</Filter>
    </ClCompile>
    <ClCompile Include="Task.cpp">
      <Filter>Pipeline</Filter>
    </ClCompile>
    <ClCompile Include="GraphicsNodeFactory.cpp">
      <Filter>Pipeline</Filter>
    </ClCompile>
    <ClCompile Include="Binder.cpp">
      <Filter>Middleware</Filter>
    </ClCompile>
    <ClCompile Include="ComputeCommandList.cpp">
      <Filter>Middleware</Filter>
    </ClCompile>
    <ClCompile Include="GraphicsCommandList.cpp">
      <Filter>Middleware</Filter>
    </ClCompile>
    <ClCompile Include="BasicCommandList.cpp">
      <Filter>Middleware</Filter>
    </ClCompile>
    <ClCompile Include="CommandAllocatorPool.cpp">
      <Filter>Middleware</Filter>
    </ClCompile>
    <ClCompile Include="CopyCommandList.cpp">
      <Filter>Middleware</Filter>
    </ClCompile>
    <ClCompile Include="ExecutionContext.cpp">
      <Filter>Pipeline</Filter>
    </ClCompile>
    <ClCompile Include="ExecutionResult.cpp">
      <Filter>Pipeline</Filter>
    </ClCompile>
    <ClCompile Include="ScratchSpacePool.cpp">
      <Filter>Middleware</Filter>
    </ClCompile>
    <ClCompile Include="ResourceResidencyQueue.cpp">
      <Filter>Pipeline</Filter>
    </ClCompile>
    <ClCompile Include="MeshBuffer.cpp">
      <Filter>Resources</Filter>
    </ClCompile>
    <ClCompile Include="Mesh.cpp">
      <Filter>Resources</Filter>
    </ClCompile>
    <ClCompile Include="PipelineEventDispatcher.cpp">
      <Filter>Pipeline</Filter>
    </ClCompile>
    <ClCompile Include="Image.cpp">
      <Filter>Resources</Filter>
    </ClCompile>
    <ClCompile Include="HostDescHeap.cpp">
      <Filter>MemoryManagement\Descriptors</Filter>
    </ClCompile>
    <ClCompile Include="StackDescHeap.cpp">
      <Filter>MemoryManagement\Descriptors</Filter>
    </ClCompile>
    <ClCompile Include="ResourceView.cpp">
      <Filter>MemoryManagement\Descriptors</Filter>
    </ClCompile>
    <ClCompile Include="UploadManager.cpp">
      <Filter>MemoryManagement\ObjectManagement</Filter>
    </ClCompile>
    <ClCompile Include="ConstBufferHeap.cpp">
      <Filter>MemoryManagement\Heaps</Filter>
    </ClCompile>
    <ClCompile Include="BackBufferManager.cpp">
      <Filter>MemoryManagement\ObjectManagement</Filter>
    </ClCompile>
    <ClCompile Include="MemoryObject.cpp">
      <Filter>MemoryManagement\ObjectManagement</Filter>
    </ClCompile>
    <ClCompile Include="CriticalBufferHeap.cpp">
      <Filter>MemoryManagement\Heaps</Filter>
    </ClCompile>
    <ClCompile Include="Camera.cpp">
      <Filter>Scene</Filter>
    </ClCompile>
    <ClCompile Include="GraphicsContext.cpp">
      <Filter>Pipeline</Filter>
    </ClCompile>
    <ClCompile Include="ShaderManager.cpp">
      <Filter>Pipeline</Filter>
    </ClCompile>
    <ClCompile Include="DirectionalLight.cpp">
      <Filter>Scene</Filter>
    </ClCompile>
    <ClCompile Include="Nodes\Node_DrawSky.cpp">
      <Filter>Nodes\DeferredPipeline</Filter>
    </ClCompile>
    <ClCompile Include="VolatileViewHeap.cpp">
      <Filter>Middleware</Filter>
    </ClCompile>
    <ClCompile Include="PipelineTypes.cpp">
      <Filter>Pipeline</Filter>
    </ClCompile>
    <ClCompile Include="Nodes\Node_ForwardRender.cpp">
      <Filter>Nodes\ForwardPipeline</Filter>
    </ClCompile>
    <ClCompile Include="Nodes\Node_GenCSM.cpp">
      <Filter>Nodes</Filter>
    </ClCompile>
    <ClCompile Include="Nodes\Node_DepthPrepass.cpp">
      <Filter>Nodes\ForwardPipeline</Filter>
    </ClCompile>
    <ClCompile Include="Nodes\Node_RenderToBackBuffer.cpp">
      <Filter>Nodes</Filter>
    </ClCompile>
    <ClCompile Include="Nodes\Node_DepthReduction.cpp">
      <Filter>Nodes\ForwardPipeline</Filter>
    </ClCompile>
  </ItemGroup>
  <ItemGroup>
    <None Include="Nodes\Shaders\CombineGBuffer.hlsl">
      <Filter>Nodes\Shaders</Filter>
    </None>
    <None Include="Nodes\Shaders\DrawSky.hlsl">
      <Filter>Nodes\Shaders</Filter>
    </None>
    <None Include="Nodes\Shaders\GenCSM.hlsl">
      <Filter>Nodes\Shaders</Filter>
    </None>
    <None Include="Nodes\Shaders\GenGBuffer.hlsl">
      <Filter>Nodes\Shaders</Filter>
    </None>
    <None Include="Nodes\Shaders\RenderToBackbuffer.hlsl">
      <Filter>Nodes\Shaders</Filter>
    </None>
    <None Include="Nodes\Shaders\DepthPrepass.hlsl">
      <Filter>Nodes\Shaders</Filter>
    </None>
    <None Include="Nodes\Shaders\DepthReduction.hlsl">
      <Filter>Nodes\Shaders</Filter>
    </None>
    <None Include="Nodes\Shaders\ForwardRender.hlsl">
      <Filter>Nodes\Shaders</Filter>
    </None>
    <None Include="Materials\bitmap_color_2d.mtl.hlsl">
      <Filter>Materials</Filter>
    </None>
    <None Include="Materials\bitmap_value_2d.mtl.hlsl">
      <Filter>Materials</Filter>
    </None>
    <None Include="Materials\simple_diffuse.mtl.hlsl">
      <Filter>Materials</Filter>
    </None>
  </ItemGroup>
</Project>