<?xml version="1.0" encoding="utf-8"?>
<Project ToolsVersion="4.0" xmlns="http://schemas.microsoft.com/developer/msbuild/2003">
  <ItemGroup>
    <Filter Include="TestGame_ExcessiveStrike">
      <UniqueIdentifier>{73038bac-2218-43cb-a61e-50fb51a1be48}</UniqueIdentifier>
    </Filter>
  </ItemGroup>
  <ItemGroup>
    <ClCompile Include="main.cpp" />
    <ClCompile Include="TestLevelScript.cpp">
      <Filter>TestGame_ExcessiveStrike</Filter>
    </ClCompile>
    <ClCompile Include="PlayerScript.cpp">
      <Filter>TestGame_ExcessiveStrike</Filter>
    </ClCompile>
    <ClCompile Include="Editor.cpp" />
    <ClCompile Include="GeneralCamera.cpp" />
  </ItemGroup>
  <ItemGroup>
    <ClInclude Include="Editor.hpp" />
    <ClInclude Include="PlayerScript.hpp">
      <Filter>TestGame_ExcessiveStrike</Filter>
    </ClInclude>
    <ClInclude Include="TestLevelScript.hpp">
      <Filter>TestGame_ExcessiveStrike</Filter>
    </ClInclude>
    <ClInclude Include="GeneralCamera.hpp" />
    <ClInclude Include="AreaTex.h" />
    <ClInclude Include="SearchTex.h" />
  </ItemGroup>
</Project>