
Microsoft Visual Studio Solution File, Format Version 12.00
# Visual Studio 15
VisualStudioVersion = 15.0.26430.16
MinimumVisualStudioVersion = 10.0.40219.1
Project("{8BC9CEB8-8B4A-11D0-8D11-00A0C91BC942}") = "GraphicsEngine_LL", "Engine\GraphicsEngine_LL\GraphicsEngine_LL.vcxproj", "{040593FA-6149-4526-8754-2E2886759D0E}"
	ProjectSection(ProjectDependencies) = postProject
		{9FDED727-FF79-4B97-A077-618948D72BC0} = {9FDED727-FF79-4B97-A077-618948D72BC0}
		{F55437F4-00C1-49AE-BFFC-4B0A6DC75081} = {F55437F4-00C1-49AE-BFFC-4B0A6DC75081}
	EndProjectSection
EndProject
Project("{8BC9CEB8-8B4A-11D0-8D11-00A0C91BC942}") = "BaseLibrary", "Engine\BaseLibrary\BaseLibrary.vcxproj", "{F55437F4-00C1-49AE-BFFC-4B0A6DC75081}"
EndProject
Project("{8BC9CEB8-8B4A-11D0-8D11-00A0C91BC942}") = "GraphicsApi_D3D12", "Engine\GraphicsApi_D3D12\GraphicsApi_D3D12.vcxproj", "{9FDED727-FF79-4B97-A077-618948D72BC0}"
	ProjectSection(ProjectDependencies) = postProject
		{F55437F4-00C1-49AE-BFFC-4B0A6DC75081} = {F55437F4-00C1-49AE-BFFC-4B0A6DC75081}
	EndProjectSection
EndProject
Project("{8BC9CEB8-8B4A-11D0-8D11-00A0C91BC942}") = "Test_GraphicsApi", "Test\Test_GraphicsApi\Test_GraphicsApi.vcxproj", "{FA8D6870-7E63-484D-9405-E804EF4EF4F7}"
	ProjectSection(ProjectDependencies) = postProject
		{9FDED727-FF79-4B97-A077-618948D72BC0} = {9FDED727-FF79-4B97-A077-618948D72BC0}
		{F86D82F2-5F25-4928-996E-8025257DF358} = {F86D82F2-5F25-4928-996E-8025257DF358}
		{F55437F4-00C1-49AE-BFFC-4B0A6DC75081} = {F55437F4-00C1-49AE-BFFC-4B0A6DC75081}
	EndProjectSection
EndProject
Project("{8BC9CEB8-8B4A-11D0-8D11-00A0C91BC942}") = "Test_General", "Test\Test_General\Test_General.vcxproj", "{1B008766-8A60-4D98-B1F2-8BB530C2703E}"
	ProjectSection(ProjectDependencies) = postProject
		{F86D82F2-5F25-4928-996E-8025257DF358} = {F86D82F2-5F25-4928-996E-8025257DF358}
		{F55437F4-00C1-49AE-BFFC-4B0A6DC75081} = {F55437F4-00C1-49AE-BFFC-4B0A6DC75081}
		{040593FA-6149-4526-8754-2E2886759D0E} = {040593FA-6149-4526-8754-2E2886759D0E}
	EndProjectSection
EndProject
Project("{8BC9CEB8-8B4A-11D0-8D11-00A0C91BC942}") = "Test_GraphicsEngine", "Test\Test_GraphicsEngine\Test_GraphicsEngine.vcxproj", "{5395F775-4B14-4D80-84A4-1830F10ECBF0}"
	ProjectSection(ProjectDependencies) = postProject
		{9FDED727-FF79-4B97-A077-618948D72BC0} = {9FDED727-FF79-4B97-A077-618948D72BC0}
		{F86D82F2-5F25-4928-996E-8025257DF358} = {F86D82F2-5F25-4928-996E-8025257DF358}
		{F55437F4-00C1-49AE-BFFC-4B0A6DC75081} = {F55437F4-00C1-49AE-BFFC-4B0A6DC75081}
		{040593FA-6149-4526-8754-2E2886759D0E} = {040593FA-6149-4526-8754-2E2886759D0E}
	EndProjectSection
EndProject
Project("{8BC9CEB8-8B4A-11D0-8D11-00A0C91BC942}") = "AssetLibrary", "Engine\AssetLibrary\AssetLibrary.vcxproj", "{F86D82F2-5F25-4928-996E-8025257DF358}"
	ProjectSection(ProjectDependencies) = postProject
		{F55437F4-00C1-49AE-BFFC-4B0A6DC75081} = {F55437F4-00C1-49AE-BFFC-4B0A6DC75081}
		{040593FA-6149-4526-8754-2E2886759D0E} = {040593FA-6149-4526-8754-2E2886759D0E}
	EndProjectSection
EndProject
Project("{2150E333-8FDC-42A3-9474-1A3956D46DE8}") = "Test Projects", "Test Projects", "{FAEB17F1-1424-4515-A440-C5A073FCB788}"
EndProject
Project("{8BC9CEB8-8B4A-11D0-8D11-00A0C91BC942}") = "QC_Simulator", "Test\QC_Simulator\QC_Simulator.vcxproj", "{FA6E910E-1105-4A46-A1D3-5579EA99FDB8}"
	ProjectSection(ProjectDependencies) = postProject
		{F86D82F2-5F25-4928-996E-8025257DF358} = {F86D82F2-5F25-4928-996E-8025257DF358}
		{F55437F4-00C1-49AE-BFFC-4B0A6DC75081} = {F55437F4-00C1-49AE-BFFC-4B0A6DC75081}
		{040593FA-6149-4526-8754-2E2886759D0E} = {040593FA-6149-4526-8754-2E2886759D0E}
	EndProjectSection
EndProject
Project("{2150E333-8FDC-42A3-9474-1A3956D46DE8}") = "DebugVisualizers", "DebugVisualizers", "{0E1448EC-DBDF-4AB6-9509-C3A63F493F2B}"
	ProjectSection(SolutionItems) = preProject
		Externals\include\Mathter\Mathter.natvis = Externals\include\Mathter\Mathter.natvis
	EndProjectSection
EndProject
Global
	GlobalSection(Performance) = preSolution
		HasPerformanceSessions = true
	EndGlobalSection
	GlobalSection(SolutionConfigurationPlatforms) = preSolution
		Debug|x64 = Debug|x64
		Debug|x86 = Debug|x86
		Release|x64 = Release|x64
		Release|x86 = Release|x86
	EndGlobalSection
	GlobalSection(ProjectConfigurationPlatforms) = postSolution
		{040593FA-6149-4526-8754-2E2886759D0E}.Debug|x64.ActiveCfg = Debug|x64
		{040593FA-6149-4526-8754-2E2886759D0E}.Debug|x64.Build.0 = Debug|x64
		{040593FA-6149-4526-8754-2E2886759D0E}.Debug|x86.ActiveCfg = Debug|Win32
		{040593FA-6149-4526-8754-2E2886759D0E}.Debug|x86.Build.0 = Debug|Win32
		{040593FA-6149-4526-8754-2E2886759D0E}.Release|x64.ActiveCfg = Release|x64
		{040593FA-6149-4526-8754-2E2886759D0E}.Release|x64.Build.0 = Release|x64
		{040593FA-6149-4526-8754-2E2886759D0E}.Release|x86.ActiveCfg = Release|Win32
		{040593FA-6149-4526-8754-2E2886759D0E}.Release|x86.Build.0 = Release|Win32
		{F55437F4-00C1-49AE-BFFC-4B0A6DC75081}.Debug|x64.ActiveCfg = Debug|x64
		{F55437F4-00C1-49AE-BFFC-4B0A6DC75081}.Debug|x64.Build.0 = Debug|x64
		{F55437F4-00C1-49AE-BFFC-4B0A6DC75081}.Debug|x86.ActiveCfg = Debug|Win32
		{F55437F4-00C1-49AE-BFFC-4B0A6DC75081}.Debug|x86.Build.0 = Debug|Win32
		{F55437F4-00C1-49AE-BFFC-4B0A6DC75081}.Release|x64.ActiveCfg = Release|x64
		{F55437F4-00C1-49AE-BFFC-4B0A6DC75081}.Release|x64.Build.0 = Release|x64
		{F55437F4-00C1-49AE-BFFC-4B0A6DC75081}.Release|x86.ActiveCfg = Release|Win32
		{F55437F4-00C1-49AE-BFFC-4B0A6DC75081}.Release|x86.Build.0 = Release|Win32
		{9FDED727-FF79-4B97-A077-618948D72BC0}.Debug|x64.ActiveCfg = Debug|x64
		{9FDED727-FF79-4B97-A077-618948D72BC0}.Debug|x64.Build.0 = Debug|x64
		{9FDED727-FF79-4B97-A077-618948D72BC0}.Debug|x86.ActiveCfg = Debug|Win32
		{9FDED727-FF79-4B97-A077-618948D72BC0}.Debug|x86.Build.0 = Debug|Win32
		{9FDED727-FF79-4B97-A077-618948D72BC0}.Release|x64.ActiveCfg = Release|x64
		{9FDED727-FF79-4B97-A077-618948D72BC0}.Release|x64.Build.0 = Release|x64
		{9FDED727-FF79-4B97-A077-618948D72BC0}.Release|x86.ActiveCfg = Release|Win32
		{9FDED727-FF79-4B97-A077-618948D72BC0}.Release|x86.Build.0 = Release|Win32
		{FA8D6870-7E63-484D-9405-E804EF4EF4F7}.Debug|x64.ActiveCfg = Debug|x64
		{FA8D6870-7E63-484D-9405-E804EF4EF4F7}.Debug|x64.Build.0 = Debug|x64
		{FA8D6870-7E63-484D-9405-E804EF4EF4F7}.Debug|x86.ActiveCfg = Debug|Win32
		{FA8D6870-7E63-484D-9405-E804EF4EF4F7}.Debug|x86.Build.0 = Debug|Win32
		{FA8D6870-7E63-484D-9405-E804EF4EF4F7}.Release|x64.ActiveCfg = Release|x64
		{FA8D6870-7E63-484D-9405-E804EF4EF4F7}.Release|x64.Build.0 = Release|x64
		{FA8D6870-7E63-484D-9405-E804EF4EF4F7}.Release|x86.ActiveCfg = Release|Win32
		{FA8D6870-7E63-484D-9405-E804EF4EF4F7}.Release|x86.Build.0 = Release|Win32
		{1B008766-8A60-4D98-B1F2-8BB530C2703E}.Debug|x64.ActiveCfg = Debug|x64
		{1B008766-8A60-4D98-B1F2-8BB530C2703E}.Debug|x64.Build.0 = Debug|x64
		{1B008766-8A60-4D98-B1F2-8BB530C2703E}.Debug|x86.ActiveCfg = Debug|Win32
		{1B008766-8A60-4D98-B1F2-8BB530C2703E}.Debug|x86.Build.0 = Debug|Win32
		{1B008766-8A60-4D98-B1F2-8BB530C2703E}.Release|x64.ActiveCfg = Release|x64
		{1B008766-8A60-4D98-B1F2-8BB530C2703E}.Release|x64.Build.0 = Release|x64
		{1B008766-8A60-4D98-B1F2-8BB530C2703E}.Release|x86.ActiveCfg = Release|Win32
		{1B008766-8A60-4D98-B1F2-8BB530C2703E}.Release|x86.Build.0 = Release|Win32
		{5395F775-4B14-4D80-84A4-1830F10ECBF0}.Debug|x64.ActiveCfg = Debug|x64
		{5395F775-4B14-4D80-84A4-1830F10ECBF0}.Debug|x64.Build.0 = Debug|x64
		{5395F775-4B14-4D80-84A4-1830F10ECBF0}.Debug|x86.ActiveCfg = Debug|Win32
		{5395F775-4B14-4D80-84A4-1830F10ECBF0}.Debug|x86.Build.0 = Debug|Win32
		{5395F775-4B14-4D80-84A4-1830F10ECBF0}.Release|x64.ActiveCfg = Release|x64
		{5395F775-4B14-4D80-84A4-1830F10ECBF0}.Release|x64.Build.0 = Release|x64
		{5395F775-4B14-4D80-84A4-1830F10ECBF0}.Release|x86.ActiveCfg = Release|Win32
		{5395F775-4B14-4D80-84A4-1830F10ECBF0}.Release|x86.Build.0 = Release|Win32
		{F86D82F2-5F25-4928-996E-8025257DF358}.Debug|x64.ActiveCfg = Debug|x64
		{F86D82F2-5F25-4928-996E-8025257DF358}.Debug|x64.Build.0 = Debug|x64
		{F86D82F2-5F25-4928-996E-8025257DF358}.Debug|x86.ActiveCfg = Debug|Win32
		{F86D82F2-5F25-4928-996E-8025257DF358}.Debug|x86.Build.0 = Debug|Win32
		{F86D82F2-5F25-4928-996E-8025257DF358}.Release|x64.ActiveCfg = Release|x64
		{F86D82F2-5F25-4928-996E-8025257DF358}.Release|x64.Build.0 = Release|x64
		{F86D82F2-5F25-4928-996E-8025257DF358}.Release|x86.ActiveCfg = Release|Win32
		{F86D82F2-5F25-4928-996E-8025257DF358}.Release|x86.Build.0 = Release|Win32
		{FA6E910E-1105-4A46-A1D3-5579EA99FDB8}.Debug|x64.ActiveCfg = Debug|x64
		{FA6E910E-1105-4A46-A1D3-5579EA99FDB8}.Debug|x64.Build.0 = Debug|x64
		{FA6E910E-1105-4A46-A1D3-5579EA99FDB8}.Debug|x86.ActiveCfg = Debug|Win32
		{FA6E910E-1105-4A46-A1D3-5579EA99FDB8}.Debug|x86.Build.0 = Debug|Win32
		{FA6E910E-1105-4A46-A1D3-5579EA99FDB8}.Release|x64.ActiveCfg = Release|x64
		{FA6E910E-1105-4A46-A1D3-5579EA99FDB8}.Release|x64.Build.0 = Release|x64
		{FA6E910E-1105-4A46-A1D3-5579EA99FDB8}.Release|x86.ActiveCfg = Release|Win32
		{FA6E910E-1105-4A46-A1D3-5579EA99FDB8}.Release|x86.Build.0 = Release|Win32
	EndGlobalSection
	GlobalSection(SolutionProperties) = preSolution
		HideSolutionNode = FALSE
	EndGlobalSection
	GlobalSection(NestedProjects) = preSolution
		{FA8D6870-7E63-484D-9405-E804EF4EF4F7} = {FAEB17F1-1424-4515-A440-C5A073FCB788}
		{1B008766-8A60-4D98-B1F2-8BB530C2703E} = {FAEB17F1-1424-4515-A440-C5A073FCB788}
		{5395F775-4B14-4D80-84A4-1830F10ECBF0} = {FAEB17F1-1424-4515-A440-C5A073FCB788}
		{FA6E910E-1105-4A46-A1D3-5579EA99FDB8} = {FAEB17F1-1424-4515-A440-C5A073FCB788}
	EndGlobalSection
	GlobalSection(Performance) = preSolution
		HasPerformanceSessions = true
	EndGlobalSection
	GlobalSection(Performance) = preSolution
		HasPerformanceSessions = true
	EndGlobalSection
	GlobalSection(Performance) = preSolution
		HasPerformanceSessions = true
	EndGlobalSection
	GlobalSection(Performance) = preSolution
		HasPerformanceSessions = true
	EndGlobalSection
	GlobalSection(Performance) = preSolution
		HasPerformanceSessions = true
	EndGlobalSection
	GlobalSection(Performance) = preSolution
		HasPerformanceSessions = true
	EndGlobalSection
	GlobalSection(Performance) = preSolution
		HasPerformanceSessions = true
	EndGlobalSection
	GlobalSection(Performance) = preSolution
		HasPerformanceSessions = true
	EndGlobalSection
	GlobalSection(Performance) = preSolution
		HasPerformanceSessions = true
	EndGlobalSection
	GlobalSection(Performance) = preSolution
		HasPerformanceSessions = true
	EndGlobalSection
	GlobalSection(Performance) = preSolution
		HasPerformanceSessions = true
	EndGlobalSection
	GlobalSection(Performance) = preSolution
		HasPerformanceSessions = true
	EndGlobalSection
	GlobalSection(Performance) = preSolution
		HasPerformanceSessions = true
	EndGlobalSection
	GlobalSection(Performance) = preSolution
		HasPerformanceSessions = true
	EndGlobalSection
EndGlobal
