
Microsoft Visual Studio Solution File, Format Version 12.00
# Visual Studio 15
VisualStudioVersion = 15.0.27130.2010
MinimumVisualStudioVersion = 10.0.40219.1
Project("{8BC9CEB8-8B4A-11D0-8D11-00A0C91BC942}") = "GraphicsEngine_LL", "Engine\GraphicsEngine_LL\GraphicsEngine_LL.vcxproj", "{040593FA-6149-4526-8754-2E2886759D0E}"
	ProjectSection(ProjectDependencies) = postProject
		{9FDED727-FF79-4B97-A077-618948D72BC0} = {9FDED727-FF79-4B97-A077-618948D72BC0}
		{F55437F4-00C1-49AE-BFFC-4B0A6DC75081} = {F55437F4-00C1-49AE-BFFC-4B0A6DC75081}
	EndProjectSection
EndProject
Project("{8BC9CEB8-8B4A-11D0-8D11-00A0C91BC942}") = "BaseLibrary", "Engine\BaseLibrary\BaseLibrary.vcxproj", "{F55437F4-00C1-49AE-BFFC-4B0A6DC75081}"
EndProject
Project("{8BC9CEB8-8B4A-11D0-8D11-00A0C91BC942}") = "GraphicsApi_D3D12", "Engine\GraphicsApi_D3D12\GraphicsApi_D3D12.vcxproj", "{9FDED727-FF79-4B97-A077-618948D72BC0}"
	ProjectSection(ProjectDependencies) = postProject
		{F55437F4-00C1-49AE-BFFC-4B0A6DC75081} = {F55437F4-00C1-49AE-BFFC-4B0A6DC75081}
	EndProjectSection
EndProject
Project("{8BC9CEB8-8B4A-11D0-8D11-00A0C91BC942}") = "Test_General", "Test\Test_General\Test_General.vcxproj", "{1B008766-8A60-4D98-B1F2-8BB530C2703E}"
	ProjectSection(ProjectDependencies) = postProject
		{F86D82F2-5F25-4928-996E-8025257DF358} = {F86D82F2-5F25-4928-996E-8025257DF358}
		{F55437F4-00C1-49AE-BFFC-4B0A6DC75081} = {F55437F4-00C1-49AE-BFFC-4B0A6DC75081}
		{040593FA-6149-4526-8754-2E2886759D0E} = {040593FA-6149-4526-8754-2E2886759D0E}
	EndProjectSection
EndProject
Project("{8BC9CEB8-8B4A-11D0-8D11-00A0C91BC942}") = "Test_GraphicsEngine", "Test\Test_GraphicsEngine\Test_GraphicsEngine.vcxproj", "{5395F775-4B14-4D80-84A4-1830F10ECBF0}"
	ProjectSection(ProjectDependencies) = postProject
		{9FDED727-FF79-4B97-A077-618948D72BC0} = {9FDED727-FF79-4B97-A077-618948D72BC0}
		{F86D82F2-5F25-4928-996E-8025257DF358} = {F86D82F2-5F25-4928-996E-8025257DF358}
		{F55437F4-00C1-49AE-BFFC-4B0A6DC75081} = {F55437F4-00C1-49AE-BFFC-4B0A6DC75081}
		{040593FA-6149-4526-8754-2E2886759D0E} = {040593FA-6149-4526-8754-2E2886759D0E}
	EndProjectSection
EndProject
Project("{8BC9CEB8-8B4A-11D0-8D11-00A0C91BC942}") = "AssetLibrary", "Engine\AssetLibrary\AssetLibrary.vcxproj", "{F86D82F2-5F25-4928-996E-8025257DF358}"
	ProjectSection(ProjectDependencies) = postProject
		{F55437F4-00C1-49AE-BFFC-4B0A6DC75081} = {F55437F4-00C1-49AE-BFFC-4B0A6DC75081}
	EndProjectSection
EndProject
Project("{2150E333-8FDC-42A3-9474-1A3956D46DE8}") = "Test Projects", "Test Projects", "{FAEB17F1-1424-4515-A440-C5A073FCB788}"
EndProject
Project("{8BC9CEB8-8B4A-11D0-8D11-00A0C91BC942}") = "QC_Simulator", "Test\QC_Simulator\QC_Simulator.vcxproj", "{FA6E910E-1105-4A46-A1D3-5579EA99FDB8}"
	ProjectSection(ProjectDependencies) = postProject
		{F86D82F2-5F25-4928-996E-8025257DF358} = {F86D82F2-5F25-4928-996E-8025257DF358}
		{F55437F4-00C1-49AE-BFFC-4B0A6DC75081} = {F55437F4-00C1-49AE-BFFC-4B0A6DC75081}
		{040593FA-6149-4526-8754-2E2886759D0E} = {040593FA-6149-4526-8754-2E2886759D0E}
	EndProjectSection
EndProject
Project("{2150E333-8FDC-42A3-9474-1A3956D46DE8}") = "DebugVisualizers", "DebugVisualizers", "{0E1448EC-DBDF-4AB6-9509-C3A63F493F2B}"
	ProjectSection(SolutionItems) = preProject
		Externals\include\Mathter\Mathter.natvis = Externals\include\Mathter\Mathter.natvis
	EndProjectSection
EndProject
Project("{8BC9CEB8-8B4A-11D0-8D11-00A0C91BC942}") = "Editor", "Test\Editor\Editor.vcxproj", "{0D88BF0C-5AE9-4C0F-A02D-EDD7015B7E7C}"
	ProjectSection(ProjectDependencies) = postProject
		{26702DEE-D2F6-47CC-908E-0D07DB1DD51F} = {26702DEE-D2F6-47CC-908E-0D07DB1DD51F}
	EndProjectSection
EndProject
Project("{8BC9CEB8-8B4A-11D0-8D11-00A0C91BC942}") = "Core", "Engine\Core\Core.vcxproj", "{26702DEE-D2F6-47CC-908E-0D07DB1DD51F}"
	ProjectSection(ProjectDependencies) = postProject
		{13ED7F26-15E5-47A3-BE13-D3D15695F412} = {13ED7F26-15E5-47A3-BE13-D3D15695F412}
		{DC434FE3-0F5C-49D7-926D-5C16121BD3FD} = {DC434FE3-0F5C-49D7-926D-5C16121BD3FD}
		{F86D82F2-5F25-4928-996E-8025257DF358} = {F86D82F2-5F25-4928-996E-8025257DF358}
		{F55437F4-00C1-49AE-BFFC-4B0A6DC75081} = {F55437F4-00C1-49AE-BFFC-4B0A6DC75081}
		{040593FA-6149-4526-8754-2E2886759D0E} = {040593FA-6149-4526-8754-2E2886759D0E}
	EndProjectSection
EndProject
Project("{8BC9CEB8-8B4A-11D0-8D11-00A0C91BC942}") = "NetworkEngine", "Engine\NetworkEngine\NetworkEngine.vcxproj", "{805EDCB5-391B-4F92-8568-CF6B691C16FE}"
EndProject
Project("{8BC9CEB8-8B4A-11D0-8D11-00A0C91BC942}") = "PhysicsEngineBullet", "Engine\PhysicsEngine\PhysicsEngineBullet.vcxproj", "{13ED7F26-15E5-47A3-BE13-D3D15695F412}"
EndProject
Project("{8BC9CEB8-8B4A-11D0-8D11-00A0C91BC942}") = "GuiEngine", "Engine\GuiEngine\GuiEngine.vcxproj", "{DC434FE3-0F5C-49D7-926D-5C16121BD3FD}"
EndProject
Global
	GlobalSection(SolutionConfigurationPlatforms) = preSolution
		Debug|x64 = Debug|x64
		Debug|x86 = Debug|x86
		Release|x64 = Release|x64
		Release|x86 = Release|x86
	EndGlobalSection
	GlobalSection(ProjectConfigurationPlatforms) = postSolution
		{040593FA-6149-4526-8754-2E2886759D0E}.Debug|x64.ActiveCfg = Debug|x64
		{040593FA-6149-4526-8754-2E2886759D0E}.Debug|x64.Build.0 = Debug|x64
		{040593FA-6149-4526-8754-2E2886759D0E}.Debug|x86.ActiveCfg = Debug|Win32
		{040593FA-6149-4526-8754-2E2886759D0E}.Debug|x86.Build.0 = Debug|Win32
		{040593FA-6149-4526-8754-2E2886759D0E}.Release|x64.ActiveCfg = Release|x64
		{040593FA-6149-4526-8754-2E2886759D0E}.Release|x64.Build.0 = Release|x64
		{040593FA-6149-4526-8754-2E2886759D0E}.Release|x86.ActiveCfg = Release|Win32
		{040593FA-6149-4526-8754-2E2886759D0E}.Release|x86.Build.0 = Release|Win32
		{F55437F4-00C1-49AE-BFFC-4B0A6DC75081}.Debug|x64.ActiveCfg = Debug|x64
		{F55437F4-00C1-49AE-BFFC-4B0A6DC75081}.Debug|x64.Build.0 = Debug|x64
		{F55437F4-00C1-49AE-BFFC-4B0A6DC75081}.Debug|x86.ActiveCfg = Debug|Win32
		{F55437F4-00C1-49AE-BFFC-4B0A6DC75081}.Debug|x86.Build.0 = Debug|Win32
		{F55437F4-00C1-49AE-BFFC-4B0A6DC75081}.Release|x64.ActiveCfg = Release|x64
		{F55437F4-00C1-49AE-BFFC-4B0A6DC75081}.Release|x64.Build.0 = Release|x64
		{F55437F4-00C1-49AE-BFFC-4B0A6DC75081}.Release|x86.ActiveCfg = Release|Win32
		{F55437F4-00C1-49AE-BFFC-4B0A6DC75081}.Release|x86.Build.0 = Release|Win32
		{9FDED727-FF79-4B97-A077-618948D72BC0}.Debug|x64.ActiveCfg = Debug|x64
		{9FDED727-FF79-4B97-A077-618948D72BC0}.Debug|x64.Build.0 = Debug|x64
		{9FDED727-FF79-4B97-A077-618948D72BC0}.Debug|x86.ActiveCfg = Debug|Win32
		{9FDED727-FF79-4B97-A077-618948D72BC0}.Debug|x86.Build.0 = Debug|Win32
		{9FDED727-FF79-4B97-A077-618948D72BC0}.Release|x64.ActiveCfg = Release|x64
		{9FDED727-FF79-4B97-A077-618948D72BC0}.Release|x64.Build.0 = Release|x64
		{9FDED727-FF79-4B97-A077-618948D72BC0}.Release|x86.ActiveCfg = Release|Win32
		{9FDED727-FF79-4B97-A077-618948D72BC0}.Release|x86.Build.0 = Release|Win32
		{1B008766-8A60-4D98-B1F2-8BB530C2703E}.Debug|x64.ActiveCfg = Debug|x64
		{1B008766-8A60-4D98-B1F2-8BB530C2703E}.Debug|x64.Build.0 = Debug|x64
		{1B008766-8A60-4D98-B1F2-8BB530C2703E}.Debug|x86.ActiveCfg = Debug|Win32
		{1B008766-8A60-4D98-B1F2-8BB530C2703E}.Debug|x86.Build.0 = Debug|Win32
		{1B008766-8A60-4D98-B1F2-8BB530C2703E}.Release|x64.ActiveCfg = Release|x64
		{1B008766-8A60-4D98-B1F2-8BB530C2703E}.Release|x64.Build.0 = Release|x64
		{1B008766-8A60-4D98-B1F2-8BB530C2703E}.Release|x86.ActiveCfg = Release|Win32
		{1B008766-8A60-4D98-B1F2-8BB530C2703E}.Release|x86.Build.0 = Release|Win32
		{5395F775-4B14-4D80-84A4-1830F10ECBF0}.Debug|x64.ActiveCfg = Debug|x64
		{5395F775-4B14-4D80-84A4-1830F10ECBF0}.Debug|x64.Build.0 = Debug|x64
		{5395F775-4B14-4D80-84A4-1830F10ECBF0}.Debug|x86.ActiveCfg = Debug|Win32
		{5395F775-4B14-4D80-84A4-1830F10ECBF0}.Debug|x86.Build.0 = Debug|Win32
		{5395F775-4B14-4D80-84A4-1830F10ECBF0}.Release|x64.ActiveCfg = Release|x64
		{5395F775-4B14-4D80-84A4-1830F10ECBF0}.Release|x64.Build.0 = Release|x64
		{5395F775-4B14-4D80-84A4-1830F10ECBF0}.Release|x86.ActiveCfg = Release|Win32
		{5395F775-4B14-4D80-84A4-1830F10ECBF0}.Release|x86.Build.0 = Release|Win32
		{F86D82F2-5F25-4928-996E-8025257DF358}.Debug|x64.ActiveCfg = Debug|x64
		{F86D82F2-5F25-4928-996E-8025257DF358}.Debug|x64.Build.0 = Debug|x64
		{F86D82F2-5F25-4928-996E-8025257DF358}.Debug|x86.ActiveCfg = Debug|Win32
		{F86D82F2-5F25-4928-996E-8025257DF358}.Debug|x86.Build.0 = Debug|Win32
		{F86D82F2-5F25-4928-996E-8025257DF358}.Release|x64.ActiveCfg = Release|x64
		{F86D82F2-5F25-4928-996E-8025257DF358}.Release|x64.Build.0 = Release|x64
		{F86D82F2-5F25-4928-996E-8025257DF358}.Release|x86.ActiveCfg = Release|Win32
		{F86D82F2-5F25-4928-996E-8025257DF358}.Release|x86.Build.0 = Release|Win32
		{FA6E910E-1105-4A46-A1D3-5579EA99FDB8}.Debug|x64.ActiveCfg = Debug|x64
		{FA6E910E-1105-4A46-A1D3-5579EA99FDB8}.Debug|x64.Build.0 = Debug|x64
		{FA6E910E-1105-4A46-A1D3-5579EA99FDB8}.Debug|x86.ActiveCfg = Debug|Win32
		{FA6E910E-1105-4A46-A1D3-5579EA99FDB8}.Debug|x86.Build.0 = Debug|Win32
		{FA6E910E-1105-4A46-A1D3-5579EA99FDB8}.Release|x64.ActiveCfg = Release|x64
		{FA6E910E-1105-4A46-A1D3-5579EA99FDB8}.Release|x64.Build.0 = Release|x64
		{FA6E910E-1105-4A46-A1D3-5579EA99FDB8}.Release|x86.ActiveCfg = Release|Win32
		{FA6E910E-1105-4A46-A1D3-5579EA99FDB8}.Release|x86.Build.0 = Release|Win32
		{0D88BF0C-5AE9-4C0F-A02D-EDD7015B7E7C}.Debug|x64.ActiveCfg = Debug|x64
		{0D88BF0C-5AE9-4C0F-A02D-EDD7015B7E7C}.Debug|x64.Build.0 = Debug|x64
		{0D88BF0C-5AE9-4C0F-A02D-EDD7015B7E7C}.Debug|x86.ActiveCfg = Debug|Win32
		{0D88BF0C-5AE9-4C0F-A02D-EDD7015B7E7C}.Debug|x86.Build.0 = Debug|Win32
		{0D88BF0C-5AE9-4C0F-A02D-EDD7015B7E7C}.Release|x64.ActiveCfg = Release|x64
		{0D88BF0C-5AE9-4C0F-A02D-EDD7015B7E7C}.Release|x64.Build.0 = Release|x64
		{0D88BF0C-5AE9-4C0F-A02D-EDD7015B7E7C}.Release|x86.ActiveCfg = Release|Win32
		{0D88BF0C-5AE9-4C0F-A02D-EDD7015B7E7C}.Release|x86.Build.0 = Release|Win32
		{26702DEE-D2F6-47CC-908E-0D07DB1DD51F}.Debug|x64.ActiveCfg = Debug|x64
		{26702DEE-D2F6-47CC-908E-0D07DB1DD51F}.Debug|x64.Build.0 = Debug|x64
		{26702DEE-D2F6-47CC-908E-0D07DB1DD51F}.Debug|x86.ActiveCfg = Debug|Win32
		{26702DEE-D2F6-47CC-908E-0D07DB1DD51F}.Debug|x86.Build.0 = Debug|Win32
		{26702DEE-D2F6-47CC-908E-0D07DB1DD51F}.Release|x64.ActiveCfg = Release|x64
		{26702DEE-D2F6-47CC-908E-0D07DB1DD51F}.Release|x64.Build.0 = Release|x64
		{26702DEE-D2F6-47CC-908E-0D07DB1DD51F}.Release|x86.ActiveCfg = Release|Win32
		{26702DEE-D2F6-47CC-908E-0D07DB1DD51F}.Release|x86.Build.0 = Release|Win32
		{805EDCB5-391B-4F92-8568-CF6B691C16FE}.Debug|x64.ActiveCfg = Debug|x64
		{805EDCB5-391B-4F92-8568-CF6B691C16FE}.Debug|x64.Build.0 = Debug|x64
		{805EDCB5-391B-4F92-8568-CF6B691C16FE}.Debug|x86.ActiveCfg = Debug|Win32
		{805EDCB5-391B-4F92-8568-CF6B691C16FE}.Debug|x86.Build.0 = Debug|Win32
		{805EDCB5-391B-4F92-8568-CF6B691C16FE}.Release|x64.ActiveCfg = Release|x64
		{805EDCB5-391B-4F92-8568-CF6B691C16FE}.Release|x64.Build.0 = Release|x64
		{805EDCB5-391B-4F92-8568-CF6B691C16FE}.Release|x86.ActiveCfg = Release|Win32
		{805EDCB5-391B-4F92-8568-CF6B691C16FE}.Release|x86.Build.0 = Release|Win32
		{13ED7F26-15E5-47A3-BE13-D3D15695F412}.Debug|x64.ActiveCfg = Debug|x64
		{13ED7F26-15E5-47A3-BE13-D3D15695F412}.Debug|x64.Build.0 = Debug|x64
		{13ED7F26-15E5-47A3-BE13-D3D15695F412}.Debug|x86.ActiveCfg = Debug|Win32
		{13ED7F26-15E5-47A3-BE13-D3D15695F412}.Debug|x86.Build.0 = Debug|Win32
		{13ED7F26-15E5-47A3-BE13-D3D15695F412}.Release|x64.ActiveCfg = Release|x64
		{13ED7F26-15E5-47A3-BE13-D3D15695F412}.Release|x64.Build.0 = Release|x64
		{13ED7F26-15E5-47A3-BE13-D3D15695F412}.Release|x86.ActiveCfg = Release|Win32
		{13ED7F26-15E5-47A3-BE13-D3D15695F412}.Release|x86.Build.0 = Release|Win32
		{DC434FE3-0F5C-49D7-926D-5C16121BD3FD}.Debug|x64.ActiveCfg = Debug|x64
		{DC434FE3-0F5C-49D7-926D-5C16121BD3FD}.Debug|x64.Build.0 = Debug|x64
		{DC434FE3-0F5C-49D7-926D-5C16121BD3FD}.Debug|x86.ActiveCfg = Debug|Win32
		{DC434FE3-0F5C-49D7-926D-5C16121BD3FD}.Debug|x86.Build.0 = Debug|Win32
		{DC434FE3-0F5C-49D7-926D-5C16121BD3FD}.Release|x64.ActiveCfg = Release|x64
		{DC434FE3-0F5C-49D7-926D-5C16121BD3FD}.Release|x64.Build.0 = Release|x64
		{DC434FE3-0F5C-49D7-926D-5C16121BD3FD}.Release|x86.ActiveCfg = Release|Win32
		{DC434FE3-0F5C-49D7-926D-5C16121BD3FD}.Release|x86.Build.0 = Release|Win32
	EndGlobalSection
	GlobalSection(SolutionProperties) = preSolution
		HideSolutionNode = FALSE
	EndGlobalSection
	GlobalSection(NestedProjects) = preSolution
		{1B008766-8A60-4D98-B1F2-8BB530C2703E} = {FAEB17F1-1424-4515-A440-C5A073FCB788}
		{5395F775-4B14-4D80-84A4-1830F10ECBF0} = {FAEB17F1-1424-4515-A440-C5A073FCB788}
		{FA6E910E-1105-4A46-A1D3-5579EA99FDB8} = {FAEB17F1-1424-4515-A440-C5A073FCB788}
		{0D88BF0C-5AE9-4C0F-A02D-EDD7015B7E7C} = {FAEB17F1-1424-4515-A440-C5A073FCB788}
	EndGlobalSection
	GlobalSection(ExtensibilityGlobals) = postSolution
		SolutionGuid = {D3D4D6B6-79E6-4ED5-894E-3FDAF9D316FD}
	EndGlobalSection
	GlobalSection(Performance) = preSolution
		HasPerformanceSessions = true
	EndGlobalSection
	GlobalSection(Performance) = preSolution
		HasPerformanceSessions = true
	EndGlobalSection
	GlobalSection(Performance) = preSolution
		HasPerformanceSessions = true
	EndGlobalSection
	GlobalSection(Performance) = preSolution
		HasPerformanceSessions = true
	EndGlobalSection
	GlobalSection(Performance) = preSolution
		HasPerformanceSessions = true
	EndGlobalSection
	GlobalSection(Performance) = preSolution
		HasPerformanceSessions = true
	EndGlobalSection
	GlobalSection(Performance) = preSolution
		HasPerformanceSessions = true
	EndGlobalSection
	GlobalSection(Performance) = preSolution
		HasPerformanceSessions = true
	EndGlobalSection
	GlobalSection(Performance) = preSolution
		HasPerformanceSessions = true
	EndGlobalSection
	GlobalSection(Performance) = preSolution
		HasPerformanceSessions = true
	EndGlobalSection
	GlobalSection(Performance) = preSolution
		HasPerformanceSessions = true
	EndGlobalSection
	GlobalSection(Performance) = preSolution
		HasPerformanceSessions = true
	EndGlobalSection
	GlobalSection(Performance) = preSolution
		HasPerformanceSessions = true
	EndGlobalSection
	GlobalSection(Performance) = preSolution
		HasPerformanceSessions = true
	EndGlobalSection
	GlobalSection(Performance) = preSolution
		HasPerformanceSessions = true
	EndGlobalSection
	GlobalSection(Performance) = preSolution
		HasPerformanceSessions = true
	EndGlobalSection
	GlobalSection(Performance) = preSolution
		HasPerformanceSessions = true
	EndGlobalSection
	GlobalSection(Performance) = preSolution
		HasPerformanceSessions = true
	EndGlobalSection
	GlobalSection(Performance) = preSolution
		HasPerformanceSessions = true
	EndGlobalSection
	GlobalSection(Performance) = preSolution
		HasPerformanceSessions = true
	EndGlobalSection
	GlobalSection(Performance) = preSolution
		HasPerformanceSessions = true
	EndGlobalSection
	GlobalSection(Performance) = preSolution
		HasPerformanceSessions = true
	EndGlobalSection
	GlobalSection(Performance) = preSolution
		HasPerformanceSessions = true
	EndGlobalSection
EndGlobal
