<?xml version="1.0" encoding="utf-8"?>
<Project ToolsVersion="4.0" xmlns="http://schemas.microsoft.com/developer/msbuild/2003">
  <ItemGroup>
    <Filter Include="Source Files">
      <UniqueIdentifier>{4FC737F1-C7A5-4376-A066-2A32D752A2FF}</UniqueIdentifier>
      <Extensions>cpp;c;cc;cxx;def;odl;idl;hpj;bat;asm;asmx</Extensions>
    </Filter>
    <Filter Include="Header Files">
      <UniqueIdentifier>{93995380-89BD-4b04-88EB-625FBE52EBFB}</UniqueIdentifier>
      <Extensions>h;hh;hpp;hxx;hm;inl;inc;xsd</Extensions>
    </Filter>
  </ItemGroup>
  <ItemGroup>
    <ClInclude Include="GuiEngine.hpp">
      <Filter>Header Files</Filter>
    </ClInclude>
    <ClInclude Include="GuiLayer.hpp">
      <Filter>Header Files</Filter>
    </ClInclude>
    <ClInclude Include="GuiButton.hpp">
      <Filter>Header Files</Filter>
    </ClInclude>
    <ClInclude Include="GuiText.hpp">
      <Filter>Header Files</Filter>
    </ClInclude>
    <ClInclude Include="GuiSlider.hpp">
      <Filter>Header Files</Filter>
    </ClInclude>
    <ClInclude Include="GuiList.hpp">
      <Filter>Header Files</Filter>
    </ClInclude>
    <ClInclude Include="GuiEvent.h">
      <Filter>Header Files</Filter>
    </ClInclude>
    <ClInclude Include="GuiCollapsable.hpp">
      <Filter>Header Files</Filter>
    </ClInclude>
    <ClInclude Include="Gui.hpp">
      <Filter>Header Files</Filter>
    </ClInclude>
    <ClInclude Include="GuiSplitter.hpp">
      <Filter>Header Files</Filter>
    </ClInclude>
    <ClInclude Include="GuiMenu.h">
      <Filter>Header Files</Filter>
    </ClInclude>
    <ClInclude Include="GuiImage.hpp">
      <Filter>Header Files</Filter>
    </ClInclude>
    <ClInclude Include="GuiLayouted.hpp">
      <Filter>Header Files</Filter>
    </ClInclude>
  </ItemGroup>
  <ItemGroup>
    <ClCompile Include="GuiCollapsable.cpp">
      <Filter>Source Files</Filter>
    </ClCompile>
    <ClCompile Include="GuiSlider.cpp">
      <Filter>Source Files</Filter>
    </ClCompile>
    <ClCompile Include="Gui.cpp">
      <Filter>Source Files</Filter>
    </ClCompile>
    <ClCompile Include="GuiLayer.cpp">
      <Filter>Source Files</Filter>
    </ClCompile>
    <ClCompile Include="GuiText.cpp">
      <Filter>Source Files</Filter>
    </ClCompile>
    <ClCompile Include="GuiSplitter.cpp">
      <Filter>Source Files</Filter>
    </ClCompile>
    <ClCompile Include="GuiButton.cpp">
      <Filter>Source Files</Filter>
    </ClCompile>
    <ClCompile Include="GuiEngine.cpp">
      <Filter>Source Files</Filter>
    </ClCompile>
    <ClCompile Include="GuiList.cpp">
      <Filter>Source Files</Filter>
    </ClCompile>
    <ClCompile Include="GuiMenu.cpp">
      <Filter>Source Files</Filter>
    </ClCompile>
    <ClCompile Include="GuiImage.cpp">
      <Filter>Source Files</Filter>
    </ClCompile>
    <ClCompile Include="GuiLayouted.cpp">
      <Filter>Source Files</Filter>
    </ClCompile>
  </ItemGroup>
</Project>