<?xml version="1.0" encoding="utf-8"?>
<Project ToolsVersion="4.0" xmlns="http://schemas.microsoft.com/developer/msbuild/2003">
  <ItemGroup>
    <ClCompile Include="CommandQueue.cpp" />
    <ClCompile Include="Fence.cpp" />
    <ClCompile Include="GraphicsCommandList.cpp" />
    <ClCompile Include="PipelineState.cpp" />
    <ClCompile Include="Resource.cpp" />
    <ClCompile Include="CommandAllocator.cpp" />
    <ClCompile Include="RootSignature.cpp" />
  </ItemGroup>
  <ItemGroup>
    <ClInclude Include="..\GraphicsApi_LL\Common.hpp" />
    <ClInclude Include="..\GraphicsApi_LL\DescriptorHandle.hpp" />
    <ClInclude Include="..\GraphicsApi_LL\ICommandAllocator.hpp" />
    <ClInclude Include="..\GraphicsApi_LL\ICommandList.hpp" />
    <ClInclude Include="..\GraphicsApi_LL\ICommandQueue.hpp" />
    <ClInclude Include="..\GraphicsApi_LL\IComputeCommandList.hpp" />
    <ClInclude Include="..\GraphicsApi_LL\ICopyCommandList.hpp" />
    <ClInclude Include="..\GraphicsApi_LL\IDescriptorHeap.hpp" />
    <ClInclude Include="..\GraphicsApi_LL\IFence.hpp" />
    <ClInclude Include="..\GraphicsApi_LL\IGraphicsApi.hpp" />
    <ClInclude Include="..\GraphicsApi_LL\IGraphicsCommandList.hpp" />
    <ClInclude Include="..\GraphicsApi_LL\IPipelineState.hpp" />
    <ClInclude Include="..\GraphicsApi_LL\IResource.hpp" />
    <ClInclude Include="..\GraphicsApi_LL\IRootSignature.hpp" />
    <ClInclude Include="CommandQueue.hpp" />
    <ClInclude Include="Fence.hpp" />
    <ClInclude Include="CommandList.hpp" />
    <ClInclude Include="GraphicsCommandList.hpp" />
    <ClInclude Include="PipelineState.hpp" />
    <ClInclude Include="NativeCast.hpp" />
    <ClInclude Include="Resource.hpp" />
    <ClInclude Include="CommandAllocator.hpp" />
    <ClInclude Include="RootSignature.hpp" />
  </ItemGroup>
  <ItemGroup>
    <Text Include="ReadMe.txt" />
  </ItemGroup>
</Project>