<?xml version="1.0" encoding="utf-8"?>
<Project ToolsVersion="4.0" xmlns="http://schemas.microsoft.com/developer/msbuild/2003">
  <ItemGroup>
    <ClCompile Include="CommandAllocator.cpp">
      <Filter>Implementation</Filter>
    </ClCompile>
    <ClCompile Include="CommandList.cpp">
      <Filter>Implementation</Filter>
    </ClCompile>
    <ClCompile Include="CommandQueue.cpp">
      <Filter>Implementation</Filter>
    </ClCompile>
    <ClCompile Include="DescriptorHeap.cpp">
      <Filter>Implementation</Filter>
    </ClCompile>
    <ClCompile Include="Fence.cpp">
      <Filter>Implementation</Filter>
    </ClCompile>
    <ClCompile Include="GraphicsApi.cpp">
      <Filter>Implementation</Filter>
    </ClCompile>
    <ClCompile Include="GraphicsCommandList.cpp">
      <Filter>Implementation</Filter>
    </ClCompile>
    <ClCompile Include="NativeCast.cpp">
      <Filter>Implementation</Filter>
    </ClCompile>
    <ClCompile Include="PipelineState.cpp">
      <Filter>Implementation</Filter>
    </ClCompile>
    <ClCompile Include="Resource.cpp">
      <Filter>Implementation</Filter>
    </ClCompile>
    <ClCompile Include="RootSignature.cpp">
      <Filter>Implementation</Filter>
    </ClCompile>
    <ClCompile Include="CantFindAName.cpp">
      <Filter>Implementation</Filter>
    </ClCompile>
    <ClCompile Include="SwapChain.cpp">
      <Filter>Implementation</Filter>
    </ClCompile>
    <ClCompile Include="Misc.cpp">
      <Filter>Implementation</Filter>
    </ClCompile>
  </ItemGroup>
  <ItemGroup>
    <ClInclude Include="..\GraphicsApi_LL\ICommandAllocator.hpp">
      <Filter>Interfaces</Filter>
    </ClInclude>
    <ClInclude Include="..\GraphicsApi_LL\ICommandList.hpp">
      <Filter>Interfaces</Filter>
    </ClInclude>
    <ClInclude Include="..\GraphicsApi_LL\ICommandQueue.hpp">
      <Filter>Interfaces</Filter>
    </ClInclude>
    <ClInclude Include="..\GraphicsApi_LL\IComputeCommandList.hpp">
      <Filter>Interfaces</Filter>
    </ClInclude>
    <ClInclude Include="..\GraphicsApi_LL\ICopyCommandList.hpp">
      <Filter>Interfaces</Filter>
    </ClInclude>
    <ClInclude Include="..\GraphicsApi_LL\IDescriptorHeap.hpp">
      <Filter>Interfaces</Filter>
    </ClInclude>
    <ClInclude Include="..\GraphicsApi_LL\IFence.hpp">
      <Filter>Interfaces</Filter>
    </ClInclude>
    <ClInclude Include="..\GraphicsApi_LL\IGraphicsApi.hpp">
      <Filter>Interfaces</Filter>
    </ClInclude>
    <ClInclude Include="..\GraphicsApi_LL\IGraphicsCommandList.hpp">
      <Filter>Interfaces</Filter>
    </ClInclude>
    <ClInclude Include="..\GraphicsApi_LL\IPipelineState.hpp">
      <Filter>Interfaces</Filter>
    </ClInclude>
    <ClInclude Include="..\GraphicsApi_LL\IResource.hpp">
      <Filter>Interfaces</Filter>
    </ClInclude>
    <ClInclude Include="..\GraphicsApi_LL\IRootSignature.hpp">
      <Filter>Interfaces</Filter>
    </ClInclude>
    <ClInclude Include="CommandAllocator.hpp">
      <Filter>Implementation</Filter>
    </ClInclude>
    <ClInclude Include="CommandList.hpp">
      <Filter>Implementation</Filter>
    </ClInclude>
    <ClInclude Include="CommandQueue.hpp">
      <Filter>Implementation</Filter>
    </ClInclude>
    <ClInclude Include="DescriptorHeap.hpp">
      <Filter>Implementation</Filter>
    </ClInclude>
    <ClInclude Include="Fence.hpp">
      <Filter>Implementation</Filter>
    </ClInclude>
    <ClInclude Include="GraphicsApi.hpp">
      <Filter>Implementation</Filter>
    </ClInclude>
    <ClInclude Include="GraphicsCommandList.hpp">
      <Filter>Implementation</Filter>
    </ClInclude>
    <ClInclude Include="NativeCast.hpp">
      <Filter>Implementation</Filter>
    </ClInclude>
    <ClInclude Include="PipelineState.hpp">
      <Filter>Implementation</Filter>
    </ClInclude>
    <ClInclude Include="Resource.hpp">
      <Filter>Implementation</Filter>
    </ClInclude>
    <ClInclude Include="RootSignature.hpp">
      <Filter>Implementation</Filter>
    </ClInclude>
    <ClInclude Include="d3dx12.h">
      <Filter>Implementation</Filter>
    </ClInclude>
    <ClInclude Include="..\GraphicsApi_LL\Common.hpp">
      <Filter>Interfaces</Filter>
    </ClInclude>
    <ClInclude Include="..\GraphicsApi_LL\Exception.hpp">
      <Filter>Interfaces</Filter>
    </ClInclude>
    <ClInclude Include="DisableWin32Macros.h">
      <Filter>Implementation</Filter>
    </ClInclude>
    <ClInclude Include="EnableWin32Macros.h">
      <Filter>Implementation</Filter>
    </ClInclude>
    <ClInclude Include="..\GraphicsApi_LL\ICantFindAName.hpp">
      <Filter>Interfaces</Filter>
    </ClInclude>
    <ClInclude Include="CantFindAName.hpp">
      <Filter>Implementation</Filter>
    </ClInclude>
    <ClInclude Include="..\GraphicsApi_LL\Native.hpp">
      <Filter>Interfaces</Filter>
    </ClInclude>
    <ClInclude Include="..\GraphicsApi_LL\ISwapChain.hpp">
      <Filter>Interfaces</Filter>
    </ClInclude>
    <ClInclude Include="SwapChain.hpp">
      <Filter>Implementation</Filter>
    </ClInclude>
    <ClInclude Include="Misc.hpp">
      <Filter>Implementation</Filter>
    </ClInclude>
  </ItemGroup>
  <ItemGroup>
    <Text Include="ReadMe.txt" />
  </ItemGroup>
  <ItemGroup>
    <Filter Include="Interfaces">
      <UniqueIdentifier>{5ad1ffae-162a-43f5-81ef-625394d33051}</UniqueIdentifier>
    </Filter>
    <Filter Include="Implementation">
      <UniqueIdentifier>{c4f14761-2635-47cb-af2d-01773c1dd842}</UniqueIdentifier>
    </Filter>
  </ItemGroup>
</Project>