<?xml version="1.0" encoding="utf-8"?>
<Project ToolsVersion="4.0" xmlns="http://schemas.microsoft.com/developer/msbuild/2003">
  <ItemGroup>
    <Filter Include="Headers">
      <UniqueIdentifier>{b50f40cf-b25e-4c1d-86af-1225e94548f2}</UniqueIdentifier>
    </Filter>
    <Filter Include="Source">
      <UniqueIdentifier>{6ee7744f-2cfa-49de-9379-6e1257e90dce}</UniqueIdentifier>
    </Filter>
  </ItemGroup>
  <ItemGroup>
    <ClInclude Include="Actor.hpp">
      <Filter>Headers</Filter>
    </ClInclude>
    <ClInclude Include="ActorScript.hpp">
      <Filter>Headers</Filter>
    </ClInclude>
    <ClInclude Include="Behavior.hpp">
      <Filter>Headers</Filter>
    </ClInclude>
    <ClInclude Include="Common.hpp">
      <Filter>Headers</Filter>
    </ClInclude>
    <ClInclude Include="EngineCore.hpp">
      <Filter>Headers</Filter>
    </ClInclude>
    <ClInclude Include="GameWorld.hpp">
      <Filter>Headers</Filter>
    </ClInclude>
    <ClInclude Include="GraphicsCore.hpp">
      <Filter>Headers</Filter>
    </ClInclude>
    <ClInclude Include="InputCore.hpp">
      <Filter>Headers</Filter>
    </ClInclude>
    <ClInclude Include="MeshComponent.hpp">
      <Filter>Headers</Filter>
    </ClInclude>
    <ClInclude Include="NetworkCore.hpp">
      <Filter>Headers</Filter>
    </ClInclude>
    <ClInclude Include="PerspectiveCameraComponent.hpp">
      <Filter>Headers</Filter>
    </ClInclude>
    <ClInclude Include="PhysicsCore.hpp">
      <Filter>Headers</Filter>
    </ClInclude>
    <ClInclude Include="RigidBodyComponent.hpp">
      <Filter>Headers</Filter>
    </ClInclude>
    <ClInclude Include="Script.hpp">
      <Filter>Headers</Filter>
    </ClInclude>
    <ClInclude Include="SoftBodyComponent.hpp">
      <Filter>Headers</Filter>
    </ClInclude>
    <ClInclude Include="SoundCore.hpp">
      <Filter>Headers</Filter>
    </ClInclude>
    <ClInclude Include="Transform3DComponent.hpp">
      <Filter>Headers</Filter>
    </ClInclude>
    <ClInclude Include="WorldComponent.hpp">
      <Filter>Headers</Filter>
    </ClInclude>
  </ItemGroup>
  <ItemGroup>
    <ClCompile Include="ActorScript.cpp">
      <Filter>Source</Filter>
    </ClCompile>
    <ClCompile Include="Behavior.cpp">
      <Filter>Source</Filter>
    </ClCompile>
    <ClCompile Include="EngineCore.cpp">
      <Filter>Source</Filter>
    </ClCompile>
    <ClCompile Include="GameWorld.cpp">
      <Filter>Source</Filter>
    </ClCompile>
    <ClCompile Include="GraphicsCore.cpp">
      <Filter>Source</Filter>
    </ClCompile>
    <ClCompile Include="InputCore.cpp">
      <Filter>Source</Filter>
    </ClCompile>
    <ClCompile Include="MeshComponent.cpp">
      <Filter>Source</Filter>
    </ClCompile>
    <ClCompile Include="NetworkCore.cpp">
      <Filter>Source</Filter>
    </ClCompile>
    <ClCompile Include="PerspectiveCameraComponent.cpp">
      <Filter>Source</Filter>
    </ClCompile>
    <ClCompile Include="PhysicsCore.cpp">
      <Filter>Source</Filter>
    </ClCompile>
    <ClCompile Include="RigidBodyComponent.cpp">
      <Filter>Source</Filter>
    </ClCompile>
    <ClCompile Include="Script.cpp">
      <Filter>Source</Filter>
    </ClCompile>
    <ClCompile Include="SoftBodyComponent.cpp">
      <Filter>Source</Filter>
    </ClCompile>
    <ClCompile Include="SoundCore.cpp">
      <Filter>Source</Filter>
    </ClCompile>
    <ClCompile Include="WorldComponent.cpp">
      <Filter>Source</Filter>
    </ClCompile>
    <ClCompile Include="Actor.cpp">
      <Filter>Source</Filter>
    </ClCompile>
  </ItemGroup>
</Project>