<?xml version="1.0" encoding="utf-8"?>
<Project ToolsVersion="4.0" xmlns="http://schemas.microsoft.com/developer/msbuild/2003">
  <ItemGroup>
    <ClInclude Include="Core.hpp" />
    <ClInclude Include="InputCore.hpp" />
    <ClInclude Include="Actor.hpp">
      <Filter>Actor</Filter>
    </ClInclude>
    <ClInclude Include="ActorBehavior.hpp">
      <Filter>Script</Filter>
    </ClInclude>
    <ClInclude Include="ActorScript.hpp">
      <Filter>Script</Filter>
    </ClInclude>
    <ClInclude Include="MeshPart.hpp">
      <Filter>Part</Filter>
    </ClInclude>
    <ClInclude Include="Part.hpp">
      <Filter>Part</Filter>
    </ClInclude>
    <ClInclude Include="RigidBodyPart.hpp">
      <Filter>Part</Filter>
    </ClInclude>
    <ClInclude Include="SceneScript.hpp">
      <Filter>Script</Filter>
    </ClInclude>
    <ClInclude Include="SoftBodyPart.hpp">
      <Filter>Part</Filter>
    </ClInclude>
    <ClInclude Include="Common.hpp">
      <Filter>Common</Filter>
    </ClInclude>
    <ClInclude Include="Scene.hpp">
      <Filter>Scene</Filter>
    </ClInclude>
    <ClInclude Include="Actors.hpp">
      <Filter>Actor</Filter>
    </ClInclude>
    <ClInclude Include="PerspCameraPart.hpp">
      <Filter>Part</Filter>
    </ClInclude>
    <ClInclude Include="TimeCore.hpp" />
    <ClInclude Include="DirectionalLightPart.hpp">
      <Filter>Part</Filter>
    </ClInclude>
    <ClInclude Include="TransformPart.hpp">
      <Filter>Part</Filter>
    </ClInclude>
  </ItemGroup>
  <ItemGroup>
    <ClCompile Include="Core.cpp" />
    <ClCompile Include="InputCore.cpp" />
    <ClCompile Include="Actor.cpp">
      <Filter>Actor</Filter>
    </ClCompile>
    <ClCompile Include="ActorBehavior.cpp">
      <Filter>Script</Filter>
    </ClCompile>
    <ClCompile Include="ActorScript.cpp">
      <Filter>Script</Filter>
    </ClCompile>
    <ClCompile Include="MeshPart.cpp">
      <Filter>Part</Filter>
    </ClCompile>
    <ClCompile Include="Part.cpp">
      <Filter>Part</Filter>
    </ClCompile>
    <ClCompile Include="RigidBodyPart.cpp">
      <Filter>Part</Filter>
    </ClCompile>
    <ClCompile Include="SceneScript.cpp">
      <Filter>Script</Filter>
    </ClCompile>
    <ClCompile Include="SoftBodyPart.cpp">
      <Filter>Part</Filter>
    </ClCompile>
    <ClCompile Include="Scene.cpp">
      <Filter>Scene</Filter>
    </ClCompile>
    <ClCompile Include="PerspCameraPart.cpp">
      <Filter>Part</Filter>
    </ClCompile>
    <ClCompile Include="DirectionalLightPart.cpp">
      <Filter>Part</Filter>
    </ClCompile>
    <ClCompile Include="TransformPart.cpp">
      <Filter>Part</Filter>
    </ClCompile>
  </ItemGroup>
  <ItemGroup>
    <Filter Include="Actor">
      <UniqueIdentifier>{0d709232-1bda-45b7-9644-6c03ca5ef6ec}</UniqueIdentifier>
    </Filter>
    <Filter Include="Script">
      <UniqueIdentifier>{da09b895-96d5-4f61-8899-9f748e290de5}</UniqueIdentifier>
    </Filter>
    <Filter Include="Part">
      <UniqueIdentifier>{5503533b-62bf-4c99-b1c0-8d4d5fd5298a}</UniqueIdentifier>
    </Filter>
    <Filter Include="Scene">
      <UniqueIdentifier>{8fa6ecab-3bbd-4a11-ae62-f6f82a2824d7}</UniqueIdentifier>
    </Filter>
    <Filter Include="Common">
      <UniqueIdentifier>{563eef32-ef2d-40f7-a57b-2b59e108970a}</UniqueIdentifier>
    </Filter>
  </ItemGroup>
</Project>