<?xml version="1.0" encoding="utf-8"?>
<Project ToolsVersion="4.0" xmlns="http://schemas.microsoft.com/developer/msbuild/2003">
  <ItemGroup>
    <Filter Include="Common">
      <UniqueIdentifier>{2b51d1a2-7d7c-4787-89f2-c0a0b6188ef6}</UniqueIdentifier>
    </Filter>
    <Filter Include="Entity">
      <UniqueIdentifier>{ad161b38-f9a0-4c37-a753-6a73c751c0c5}</UniqueIdentifier>
    </Filter>
    <Filter Include="Engine">
      <UniqueIdentifier>{79bf96f2-9f45-458d-a3ab-f7c4bba8ed0f}</UniqueIdentifier>
    </Filter>
  </ItemGroup>
  <ItemGroup>
    <ClCompile Include="Bullet\PhysicsEngineBullet.cpp">
      <Filter>Engine</Filter>
    </ClCompile>
    <ClCompile Include="Bullet\RigidBodyEntity.cpp">
      <Filter>Entity</Filter>
    </ClCompile>
    <ClCompile Include="Bullet\SoftBodyEntity.cpp">
      <Filter>Entity</Filter>
    </ClCompile>
    <ClCompile Include="Bullet\Scene.cpp">
      <Filter>Engine</Filter>
    </ClCompile>
  </ItemGroup>
  <ItemGroup>
    <ClInclude Include="ISoftBodyEntity.hpp">
      <Filter>Common</Filter>
    </ClInclude>
    <ClInclude Include="IRigidBodyEntity.hpp">
      <Filter>Common</Filter>
    </ClInclude>
    <ClInclude Include="IPhysicsEngine.hpp">
      <Filter>Common</Filter>
    </ClInclude>
    <ClInclude Include="Common.hpp">
      <Filter>Common</Filter>
    </ClInclude>
    <ClInclude Include="Bullet\PhysicsEngineBullet.hpp">
      <Filter>Engine</Filter>
    </ClInclude>
    <ClInclude Include="Bullet\RigidBodyEntity.hpp">
      <Filter>Entity</Filter>
    </ClInclude>
    <ClInclude Include="Bullet\SoftBodyEntity.hpp">
      <Filter>Entity</Filter>
    </ClInclude>
    <ClInclude Include="Bullet\Scene.hpp">
      <Filter>Engine</Filter>
    </ClInclude>
    <ClInclude Include="Bullet\BulletDebugDraw.hpp">
      <Filter>Engine</Filter>
    </ClInclude>
  </ItemGroup>
</Project>