<?xml version="1.0" encoding="utf-8"?>
<Project ToolsVersion="4.0" xmlns="http://schemas.microsoft.com/developer/msbuild/2003">
  <ItemGroup>
    <Filter Include="Logging">
      <UniqueIdentifier>{daa741cb-9a57-44ce-8b3b-e723fe07734f}</UniqueIdentifier>
    </Filter>
    <Filter Include="Serialization">
      <UniqueIdentifier>{1cd1617b-17de-4e5d-8ddb-5a434fdd1bd3}</UniqueIdentifier>
    </Filter>
    <Filter Include="Graph">
      <UniqueIdentifier>{de9e4377-f6f7-4245-adfc-97cf392beae0}</UniqueIdentifier>
    </Filter>
    <Filter Include="Memory">
      <UniqueIdentifier>{6cb7db5d-87d3-441b-94cf-ee6be9df0f0e}</UniqueIdentifier>
    </Filter>
    <Filter Include="Exception">
      <UniqueIdentifier>{da3e121c-c6a6-414d-86eb-1c93d82eb315}</UniqueIdentifier>
    </Filter>
    <Filter Include="GraphEditor">
      <UniqueIdentifier>{aef43a53-f87f-447e-840b-ee7866cd1e32}</UniqueIdentifier>
    </Filter>
    <Filter Include="Platform">
      <UniqueIdentifier>{56d37ef3-d7dc-4076-ae0d-fb295b2f79bc}</UniqueIdentifier>
    </Filter>
    <Filter Include="Platform\Win32">
      <UniqueIdentifier>{a1032b41-cc0a-4bd8-8af7-e2e0525ab1a7}</UniqueIdentifier>
    </Filter>
  </ItemGroup>
  <ItemGroup>
    <ClInclude Include="Serialization\BinarySerializer.hpp">
      <Filter>Serialization</Filter>
    </ClInclude>
    <ClInclude Include="Serialization\BinarySerializerExtensions.hpp">
      <Filter>Serialization</Filter>
    </ClInclude>
    <ClInclude Include="Graph\Node.hpp">
      <Filter>Graph</Filter>
    </ClInclude>
    <ClInclude Include="Graph\Node_Arithmetic.hpp">
      <Filter>Graph</Filter>
    </ClInclude>
    <ClInclude Include="Graph\Node_Comparison.hpp">
      <Filter>Graph</Filter>
    </ClInclude>
    <ClInclude Include="Graph\Node_Logic.hpp">
      <Filter>Graph</Filter>
    </ClInclude>
    <ClInclude Include="Graph\Node_MathFunctions.hpp">
      <Filter>Graph</Filter>
    </ClInclude>
    <ClInclude Include="Graph\NodeFactory.hpp">
      <Filter>Graph</Filter>
    </ClInclude>
    <ClInclude Include="Graph\NodeLibrary.hpp">
      <Filter>Graph</Filter>
    </ClInclude>
    <ClInclude Include="Graph\Port.hpp">
      <Filter>Graph</Filter>
    </ClInclude>
    <ClInclude Include="Logging\Event.hpp">
      <Filter>Logging</Filter>
    </ClInclude>
    <ClInclude Include="Logging\EventEntry.hpp">
      <Filter>Logging</Filter>
    </ClInclude>
    <ClInclude Include="Logging\LogCentre.hpp">
      <Filter>Logging</Filter>
    </ClInclude>
    <ClInclude Include="Logging\Logger.hpp">
      <Filter>Logging</Filter>
    </ClInclude>
    <ClInclude Include="Logging\LogNode.hpp">
      <Filter>Logging</Filter>
    </ClInclude>
    <ClInclude Include="Logging\LogPipe.hpp">
      <Filter>Logging</Filter>
    </ClInclude>
    <ClInclude Include="Logging\LogStream.hpp">
      <Filter>Logging</Filter>
    </ClInclude>
    <ClInclude Include="Memory\SlabAllocatorEngine.hpp">
      <Filter>Memory</Filter>
    </ClInclude>
    <ClInclude Include="Memory\MultiInstanceTLS.hpp">
      <Filter>Memory</Filter>
    </ClInclude>
    <ClInclude Include="Memory\RingAllocationEngine.hpp">
      <Filter>Memory</Filter>
    </ClInclude>
    <ClInclude Include="Exception\Exception.hpp">
      <Filter>Exception</Filter>
    </ClInclude>
    <ClInclude Include="Exception\IOException.hpp">
      <Filter>Exception</Filter>
    </ClInclude>
    <ClInclude Include="GraphEditor\IGraph.hpp">
      <Filter>GraphEditor</Filter>
    </ClInclude>
    <ClInclude Include="GraphEditor\INode.hpp">
      <Filter>GraphEditor</Filter>
    </ClInclude>
    <ClInclude Include="Common.hpp" />
    <ClInclude Include="Delegate.hpp" />
    <ClInclude Include="Timer.hpp" />
    <ClInclude Include="Transform3D.hpp" />
    <ClInclude Include="Rect.hpp" />
    <ClInclude Include="Event.hpp" />
    <ClInclude Include="Color.hpp" />
    <ClInclude Include="Platform\Input.hpp">
      <Filter>Platform</Filter>
    </ClInclude>
    <ClInclude Include="Platform\System.hpp">
      <Filter>Platform</Filter>
    </ClInclude>
    <ClInclude Include="Platform\Window.hpp">
      <Filter>Platform</Filter>
    </ClInclude>
    <ClInclude Include="Platform\Win32\Input.hpp">
      <Filter>Platform\Win32</Filter>
    </ClInclude>
    <ClInclude Include="Platform\Win32\InputEvents.hpp">
      <Filter>Platform\Win32</Filter>
    </ClInclude>
    <ClInclude Include="Platform\Win32\System.hpp">
      <Filter>Platform\Win32</Filter>
    </ClInclude>
    <ClInclude Include="Platform\Win32\Window.hpp">
      <Filter>Platform\Win32</Filter>
    </ClInclude>
    <ClInclude Include="Any.hpp" />
    <ClInclude Include="ArrayView.hpp" />
    <ClInclude Include="BitOperations.hpp" />
    <ClInclude Include="MemoryLeakDetector.hpp" />
    <ClInclude Include="Range.hpp" />
    <ClInclude Include="ScalarLiterals.hpp" />
    <ClInclude Include="Singleton.hpp" />
    <ClInclude Include="SmartPtrCast.hpp" />
    <ClInclude Include="SpinMutex.hpp" />
    <ClInclude Include="StackTrace.hpp" />
    <ClInclude Include="Stream.hpp" />
    <ClInclude Include="TemplateUtil.hpp" />
    <ClInclude Include="ThreadName.hpp" />
    <ClInclude Include="RingBuffer.hpp">
      <Filter>Memory</Filter>
    </ClInclude>
    <ClInclude Include="Graph\PortConverters.hpp">
      <Filter>Graph</Filter>
    </ClInclude>
    <ClInclude Include="EnumFlag.hpp" />
    <ClInclude Include="Transformable.hpp" />
  </ItemGroup>
  <ItemGroup>
    <ClCompile Include="Serialization\BinarySerializer.cpp">
      <Filter>Serialization</Filter>
    </ClCompile>
    <ClCompile Include="Serialization\BinarySerializerExtensions.cpp">
      <Filter>Serialization</Filter>
    </ClCompile>
    <ClCompile Include="Graph\NodeFactory.cpp">
      <Filter>Graph</Filter>
    </ClCompile>
    <ClCompile Include="Graph\NodeLibrary.cpp">
      <Filter>Graph</Filter>
    </ClCompile>
    <ClCompile Include="Graph\Port.cpp">
      <Filter>Graph</Filter>
    </ClCompile>
    <ClCompile Include="Logging\Event.cpp">
      <Filter>Logging</Filter>
    </ClCompile>
    <ClCompile Include="Logging\Logger.cpp">
      <Filter>Logging</Filter>
    </ClCompile>
    <ClCompile Include="Logging\LogNode.cpp">
      <Filter>Logging</Filter>
    </ClCompile>
    <ClCompile Include="Logging\LogPipe.cpp">
      <Filter>Logging</Filter>
    </ClCompile>
    <ClCompile Include="Logging\LogStream.cpp">
      <Filter>Logging</Filter>
    </ClCompile>
    <ClCompile Include="Memory\SlabAllocatorEngine.cpp">
      <Filter>Memory</Filter>
    </ClCompile>
    <ClCompile Include="Memory\RingAllocationEngine.cpp">
      <Filter>Memory</Filter>
    </ClCompile>
    <ClCompile Include="Exception\Exception.cpp">
      <Filter>Exception</Filter>
    </ClCompile>
    <ClCompile Include="Timer.cpp" />
    <ClCompile Include="Transform3D.cpp" />
    <ClCompile Include="Platform\Win32\Input.cpp">
      <Filter>Platform\Win32</Filter>
    </ClCompile>
    <ClCompile Include="Platform\Win32\Window.cpp">
      <Filter>Platform\Win32</Filter>
    </ClCompile>
    <ClCompile Include="SpinMutex.cpp" />
    <ClCompile Include="Platform\Win32\System.cpp">
      <Filter>Platform\Win32</Filter>
    </ClCompile>
    <ClCompile Include="Graph\Node.cpp">
      <Filter>Graph</Filter>
    </ClCompile>
  </ItemGroup>
</Project>